
Microsoft Visual Studio Solution File, Format Version 12.00
# Visual Studio Version 17
VisualStudioVersion = 17.9.34607.119
MinimumVisualStudioVersion = 10.0.40219.1
Project("{FAE04EC0-301F-11D3-BF4B-00C04F79EFBC}") = "SystematizationAndAccountingOfComputerEquipment", "SystematizationAndAccountingOfComputerEquipment\SystematizationAndAccountingOfComputerEquipment.csproj", "{0DD3E6E6-5648-433C-A624-520E02E4C9F3}"
EndProject
Global
	GlobalSection(SolutionConfigurationPlatforms) = preSolution
		Debug|Any CPU = Debug|Any CPU
		Release|Any CPU = Release|Any CPU
	EndGlobalSection
	GlobalSection(ProjectConfigurationPlatforms) = postSolution
		{0DD3E6E6-5648-433C-A624-520E02E4C9F3}.Debug|Any CPU.ActiveCfg = Debug|Any CPU
		{0DD3E6E6-5648-433C-A624-520E02E4C9F3}.Debug|Any CPU.Build.0 = Debug|Any CPU
		{0DD3E6E6-5648-433C-A624-520E02E4C9F3}.Release|Any CPU.ActiveCfg = Release|Any CPU
		{0DD3E6E6-5648-433C-A624-520E02E4C9F3}.Release|Any CPU.Build.0 = Release|Any CPU
	EndGlobalSection
	GlobalSection(SolutionProperties) = preSolution
		HideSolutionNode = FALSE
	EndGlobalSection
	GlobalSection(ExtensibilityGlobals) = postSolution
		SolutionGuid = {0E9F9939-C78D-4B2D-95A0-1000B0ED58BC}
	EndGlobalSection
EndGlobal
